
Microsoft Visual Studio Solution File, Format Version 12.00
# Visual Studio Version 16
VisualStudioVersion = 16.0.32228.343
MinimumVisualStudioVersion = 10.0.40219.1
Project("{2150E333-8FDC-42A3-9474-1A3956D46DE8}") = "Chapter02", "Chapter02", "{60ED3AC5-C01D-413E-9BF7-3D9C06108496}"
EndProject
Project("{FAE04EC0-301F-11D3-BF4B-00C04F79EFBC}") = "DistanceConverter", "Chapter02\DistanceConverter\DistanceConverter.csproj", "{90139FDE-ECA8-4143-8131-D899FA9216C4}"
EndProject
Project("{FAE04EC0-301F-11D3-BF4B-00C04F79EFBC}") = "SalesCalculator", "Chapter02\SalesCalculator\SalesCalculator.csproj", "{C54AAFA3-9424-4964-9D35-A853E8280B9B}"
EndProject
Project("{FAE04EC0-301F-11D3-BF4B-00C04F79EFBC}") = "Exercise", "Chapter02\Exercise\Exercise.csproj", "{CD291E39-FE74-4E1A-A076-AC3C0073B43F}"
EndProject
Project("{FAE04EC0-301F-11D3-BF4B-00C04F79EFBC}") = "Exercise02", "Chapter02\Exercise02\Exercise02.csproj", "{F5E107EB-C6A6-4FC6-9140-7F37121856B1}"
EndProject
Project("{FAE04EC0-301F-11D3-BF4B-00C04F79EFBC}") = "Exercise03", "Chapter02\Exercise03\Exercise03.csproj", "{63454313-860D-4DAF-AE62-BDD5F5501851}"
EndProject
Project("{2150E333-8FDC-42A3-9474-1A3956D46DE8}") = "Chapter03", "Chapter03", "{2D942760-340C-4A51-91FA-828C5C8ABAB1}"
EndProject
Project("{FAE04EC0-301F-11D3-BF4B-00C04F79EFBC}") = "Section01", "Chapter03\Section01\Section01.csproj", "{5FA82008-EAF6-40D9-8A44-F7BD650EF1F2}"
EndProject
Project("{FAE04EC0-301F-11D3-BF4B-00C04F79EFBC}") = "Exercise01", "Chapter03\Exercise01\Exercise01.csproj", "{9E86C1DA-94F6-480C-9FCD-D21EB87097BF}"
EndProject
Project("{FAE04EC0-301F-11D3-BF4B-00C04F79EFBC}") = "Section04", "Chapter03\Section04\Section04.csproj", "{0BD79B17-665E-429B-BEA2-966A5323E1E5}"
EndProject
Project("{FAE04EC0-301F-11D3-BF4B-00C04F79EFBC}") = "Exercise02", "Chapter03\Exercise02\Exercise02.csproj", "{2A641174-EF24-40CA-B43A-DB029C4F4B6D}"
EndProject
Project("{2150E333-8FDC-42A3-9474-1A3956D46DE8}") = "Chapter04", "Chapter04", "{011998FF-3231-4561-8E37-6EDE23148783}"
EndProject
Project("{FAE04EC0-301F-11D3-BF4B-00C04F79EFBC}") = "Exercise01", "Chapter04\Exercise01\Exercise01.csproj", "{04A0B6E5-C412-445C-8662-3978D25CD1F6}"
EndProject
Project("{FAE04EC0-301F-11D3-BF4B-00C04F79EFBC}") = "Exercise02", "Chapter04\Exercise02\Exercise02.csproj", "{F0D1B126-1878-4229-8158-3B0648A8A8FE}"
EndProject
Project("{2150E333-8FDC-42A3-9474-1A3956D46DE8}") = "Chapter05", "Chapter05", "{5C194858-802B-403B-B63D-A9CF873AC370}"
EndProject
Project("{FAE04EC0-301F-11D3-BF4B-00C04F79EFBC}") = "Exercise01", "Chapter05\Exercise01\Exercise01.csproj", "{3A736FA0-E139-49C4-B393-55E3E48BABB2}"
EndProject
Project("{FAE04EC0-301F-11D3-BF4B-00C04F79EFBC}") = "Exercise02", "Chapter05\Exercise02\Exercise02.csproj", "{98962C2D-9BB5-44E7-B5C1-D126B19321A2}"
EndProject
Project("{FAE04EC0-301F-11D3-BF4B-00C04F79EFBC}") = "Exercise03", "Chapter05\Exercise03\Exercise03.csproj", "{97BDFE63-B0AB-4038-B372-EC8FF1011129}"
EndProject
Project("{FAE04EC0-301F-11D3-BF4B-00C04F79EFBC}") = "Exercise04", "Chapter05\Exercise04\Exercise04.csproj", "{2AFF370D-6500-4C28-9C77-711C648C5994}"
EndProject
Project("{2150E333-8FDC-42A3-9474-1A3956D46DE8}") = "Chapter06", "Chapter06", "{83F8A1C5-834B-4D07-A853-746FB4EEA76E}"
EndProject
Project("{FAE04EC0-301F-11D3-BF4B-00C04F79EFBC}") = "Exercise01", "Chapter06\Exercise01\Exercise01.csproj", "{CE806F24-0599-4857-9383-76DA72139E11}"
EndProject
Project("{FAE04EC0-301F-11D3-BF4B-00C04F79EFBC}") = "Exercise02", "Chapter06\Exercise02\Exercise02.csproj", "{EDEDF222-7E2E-4AFA-B43E-696F64D2BD4F}"
EndProject
Project("{2150E333-8FDC-42A3-9474-1A3956D46DE8}") = "FormAppSample", "FormAppSample", "{39E65292-13C5-4ED7-942E-D3F7A1750643}"
EndProject
Project("{FAE04EC0-301F-11D3-BF4B-00C04F79EFBC}") = "Sample0603", "FormAppSample\Sample0603\Sample0603.csproj", "{765CECBA-8C37-470B-BBAB-F5216DEA89A5}"
EndProject
Project("{FAE04EC0-301F-11D3-BF4B-00C04F79EFBC}") = "Sample0607", "FormAppSample\Sample0607\Sample0607.csproj", "{84167905-4AD3-49A3-9D6C-1044E2A7341C}"
EndProject
Project("{FAE04EC0-301F-11D3-BF4B-00C04F79EFBC}") = "NumberGame", "FormAppSample\NumberGame\NumberGame.csproj", "{4B3E17C6-8D1B-49E6-A1A4-31FBD3CD269B}"
EndProject
Project("{FAE04EC0-301F-11D3-BF4B-00C04F79EFBC}") = "AddressBook", "FormAppSample\AddressBook\AddressBook.csproj", "{6E76E1F4-0F6D-474A-9C30-0DB7598B3712}"
EndProject
Project("{2150E333-8FDC-42A3-9474-1A3956D46DE8}") = "Test202206", "Test202206", "{C4E490E4-D443-408A-AE90-BA8D09806B86}"
EndProject
Project("{FAE04EC0-301F-11D3-BF4B-00C04F79EFBC}") = "Test01", "Test202206\TestProject\Test01\Test01.csproj", "{2BFACDC3-F44D-4199-8498-F5C3C4AC0335}"
EndProject
Project("{FAE04EC0-301F-11D3-BF4B-00C04F79EFBC}") = "Test02", "Test202206\TestProject\Test02\Test02.csproj", "{E461C0A8-8900-485C-B520-E929BA33F712}"
EndProject
Project("{2150E333-8FDC-42A3-9474-1A3956D46DE8}") = "Chapter11", "Chapter11", "{AB357D7D-F4F0-4C57-81C4-B6DFD9127AFA}"
EndProject
Project("{FAE04EC0-301F-11D3-BF4B-00C04F79EFBC}") = "XmlSample", "Chapter11\XmlSample\XmlSample.csproj", "{BDBFE761-9CC8-4B07-8BBF-D741CC79FEAE}"
EndProject
Project("{FAE04EC0-301F-11D3-BF4B-00C04F79EFBC}") = "RssReader", "Chapter11\RssReader\RssReader.csproj", "{26BB6148-92E9-42C9-83E7-AC30C65EE6FC}"
EndProject
Project("{FAE04EC0-301F-11D3-BF4B-00C04F79EFBC}") = "Exercise1", "Chapter11\Exercise1\Exercise1.csproj", "{DD836AA8-568C-4BB5-A34A-5CD31600BCEF}"
EndProject
Project("{2150E333-8FDC-42A3-9474-1A3956D46DE8}") = "Chapter12", "Chapter12", "{67D2DE4A-7C7D-4ABC-AEDE-53AD8FBAE5B1}"
EndProject
Project("{FAE04EC0-301F-11D3-BF4B-00C04F79EFBC}") = "Section01", "Chapter12\Section01\Section01.csproj", "{38AA0D6F-6B93-49C1-AAC6-EEA0E0047B5A}"
EndProject
Project("{FAE04EC0-301F-11D3-BF4B-00C04F79EFBC}") = "Section02", "Chapter12\Section02\Section02.csproj", "{33FEDB42-6566-4C84-BBC2-FA64021990D5}"
EndProject
Project("{FAE04EC0-301F-11D3-BF4B-00C04F79EFBC}") = "Exercise01", "Chapter12\Exercise01\Exercise01.csproj", "{A370D2B2-B65F-46ED-A335-4D565B55010F}"
EndProject
Project("{FAE04EC0-301F-11D3-BF4B-00C04F79EFBC}") = "Exercise02", "Chapter12\Exercise02\Exercise02.csproj", "{0E36AE2A-C70D-404C-AB23-9E022632CA8F}"
EndProject
Project("{2150E333-8FDC-42A3-9474-1A3956D46DE8}") = "CarReportSystem", "CarReportSystem", "{60623F67-15AB-425C-BD2E-D693A3107159}"
EndProject
Project("{FAE04EC0-301F-11D3-BF4B-00C04F79EFBC}") = "CarReportSystem", "CarReportSystem\CarReportSystem\CarReportSystem.csproj", "{5DD4D1CD-FECA-4C5F-8097-E74A5F7B4FA1}"
EndProject
Project("{2150E333-8FDC-42A3-9474-1A3956D46DE8}") = "DesignPattern", "DesignPattern", "{4C81C567-5FFE-496B-A3DD-D27EC998F6FA}"
EndProject
Project("{FAE04EC0-301F-11D3-BF4B-00C04F79EFBC}") = "SingletonSample", "DesignPattern\SingletonSample\SingletonSample.csproj", "{889DB3BC-ECDE-4DBD-A615-D19684922B17}"
EndProject
Project("{2150E333-8FDC-42A3-9474-1A3956D46DE8}") = "Chapter17", "Chapter17", "{D11B3F21-C81A-4088-95D6-9D7D1D17252B}"
EndProject
Project("{FAE04EC0-301F-11D3-BF4B-00C04F79EFBC}") = "Section01", "Chapter17\Section01\Section01.csproj", "{9486FDE1-B41F-46E4-B64B-9A6F04D5BA96}"
EndProject
Project("{2150E333-8FDC-42A3-9474-1A3956D46DE8}") = "TemplateMethood", "TemplateMethood", "{A8503697-8427-41D4-8CFF-00776E7B72E8}"
EndProject
Project("{FAE04EC0-301F-11D3-BF4B-00C04F79EFBC}") = "TextFileProcessor", "Chapter17\TemplateMethood\TextFileProcessor\TextFileProcessor.csproj", "{C5A48433-37C0-4490-8405-329C1F0F511E}"
EndProject
Project("{FAE04EC0-301F-11D3-BF4B-00C04F79EFBC}") = "LineCounter", "Chapter17\TemplateMethood\LineCounter\LineCounter.csproj", "{D481E2A2-1F2D-43F6-819C-941FF32C1D52}"
EndProject
Project("{FAE04EC0-301F-11D3-BF4B-00C04F79EFBC}") = "Exercise1", "Chapter17\Exercise1\Exercise1\Exercise1.csproj", "{5BB83EB9-3E63-4E6B-9374-EB67D29D1ED8}"
EndProject
Project("{2150E333-8FDC-42A3-9474-1A3956D46DE8}") = "Strategy", "Strategy", "{480511D6-BB47-47FB-82E4-A26219600BB9}"
EndProject
Project("{FAE04EC0-301F-11D3-BF4B-00C04F79EFBC}") = "DistanceConverter", "Chapter17\Strategy\DistanceConverter\DistanceConverter.csproj", "{C7D9E62A-1F8B-49B9-BF66-DDB0AF92807C}"
EndProject
Global
	GlobalSection(SolutionConfigurationPlatforms) = preSolution
		Debug|Any CPU = Debug|Any CPU
		Release|Any CPU = Release|Any CPU
	EndGlobalSection
	GlobalSection(ProjectConfigurationPlatforms) = postSolution
		{90139FDE-ECA8-4143-8131-D899FA9216C4}.Debug|Any CPU.ActiveCfg = Debug|Any CPU
		{90139FDE-ECA8-4143-8131-D899FA9216C4}.Debug|Any CPU.Build.0 = Debug|Any CPU
		{90139FDE-ECA8-4143-8131-D899FA9216C4}.Release|Any CPU.ActiveCfg = Release|Any CPU
		{90139FDE-ECA8-4143-8131-D899FA9216C4}.Release|Any CPU.Build.0 = Release|Any CPU
		{C54AAFA3-9424-4964-9D35-A853E8280B9B}.Debug|Any CPU.ActiveCfg = Debug|Any CPU
		{C54AAFA3-9424-4964-9D35-A853E8280B9B}.Debug|Any CPU.Build.0 = Debug|Any CPU
		{C54AAFA3-9424-4964-9D35-A853E8280B9B}.Release|Any CPU.ActiveCfg = Release|Any CPU
		{C54AAFA3-9424-4964-9D35-A853E8280B9B}.Release|Any CPU.Build.0 = Release|Any CPU
		{CD291E39-FE74-4E1A-A076-AC3C0073B43F}.Debug|Any CPU.ActiveCfg = Debug|Any CPU
		{CD291E39-FE74-4E1A-A076-AC3C0073B43F}.Debug|Any CPU.Build.0 = Debug|Any CPU
		{CD291E39-FE74-4E1A-A076-AC3C0073B43F}.Release|Any CPU.ActiveCfg = Release|Any CPU
		{CD291E39-FE74-4E1A-A076-AC3C0073B43F}.Release|Any CPU.Build.0 = Release|Any CPU
		{F5E107EB-C6A6-4FC6-9140-7F37121856B1}.Debug|Any CPU.ActiveCfg = Debug|Any CPU
		{F5E107EB-C6A6-4FC6-9140-7F37121856B1}.Debug|Any CPU.Build.0 = Debug|Any CPU
		{F5E107EB-C6A6-4FC6-9140-7F37121856B1}.Release|Any CPU.ActiveCfg = Release|Any CPU
		{F5E107EB-C6A6-4FC6-9140-7F37121856B1}.Release|Any CPU.Build.0 = Release|Any CPU
		{63454313-860D-4DAF-AE62-BDD5F5501851}.Debug|Any CPU.ActiveCfg = Debug|Any CPU
		{63454313-860D-4DAF-AE62-BDD5F5501851}.Debug|Any CPU.Build.0 = Debug|Any CPU
		{63454313-860D-4DAF-AE62-BDD5F5501851}.Release|Any CPU.ActiveCfg = Release|Any CPU
		{63454313-860D-4DAF-AE62-BDD5F5501851}.Release|Any CPU.Build.0 = Release|Any CPU
		{5FA82008-EAF6-40D9-8A44-F7BD650EF1F2}.Debug|Any CPU.ActiveCfg = Debug|Any CPU
		{5FA82008-EAF6-40D9-8A44-F7BD650EF1F2}.Debug|Any CPU.Build.0 = Debug|Any CPU
		{5FA82008-EAF6-40D9-8A44-F7BD650EF1F2}.Release|Any CPU.ActiveCfg = Release|Any CPU
		{5FA82008-EAF6-40D9-8A44-F7BD650EF1F2}.Release|Any CPU.Build.0 = Release|Any CPU
		{9E86C1DA-94F6-480C-9FCD-D21EB87097BF}.Debug|Any CPU.ActiveCfg = Debug|Any CPU
		{9E86C1DA-94F6-480C-9FCD-D21EB87097BF}.Debug|Any CPU.Build.0 = Debug|Any CPU
		{9E86C1DA-94F6-480C-9FCD-D21EB87097BF}.Release|Any CPU.ActiveCfg = Release|Any CPU
		{9E86C1DA-94F6-480C-9FCD-D21EB87097BF}.Release|Any CPU.Build.0 = Release|Any CPU
		{0BD79B17-665E-429B-BEA2-966A5323E1E5}.Debug|Any CPU.ActiveCfg = Debug|Any CPU
		{0BD79B17-665E-429B-BEA2-966A5323E1E5}.Debug|Any CPU.Build.0 = Debug|Any CPU
		{0BD79B17-665E-429B-BEA2-966A5323E1E5}.Release|Any CPU.ActiveCfg = Release|Any CPU
		{0BD79B17-665E-429B-BEA2-966A5323E1E5}.Release|Any CPU.Build.0 = Release|Any CPU
		{2A641174-EF24-40CA-B43A-DB029C4F4B6D}.Debug|Any CPU.ActiveCfg = Debug|Any CPU
		{2A641174-EF24-40CA-B43A-DB029C4F4B6D}.Debug|Any CPU.Build.0 = Debug|Any CPU
		{2A641174-EF24-40CA-B43A-DB029C4F4B6D}.Release|Any CPU.ActiveCfg = Release|Any CPU
		{2A641174-EF24-40CA-B43A-DB029C4F4B6D}.Release|Any CPU.Build.0 = Release|Any CPU
		{04A0B6E5-C412-445C-8662-3978D25CD1F6}.Debug|Any CPU.ActiveCfg = Debug|Any CPU
		{04A0B6E5-C412-445C-8662-3978D25CD1F6}.Debug|Any CPU.Build.0 = Debug|Any CPU
		{04A0B6E5-C412-445C-8662-3978D25CD1F6}.Release|Any CPU.ActiveCfg = Release|Any CPU
		{04A0B6E5-C412-445C-8662-3978D25CD1F6}.Release|Any CPU.Build.0 = Release|Any CPU
		{F0D1B126-1878-4229-8158-3B0648A8A8FE}.Debug|Any CPU.ActiveCfg = Debug|Any CPU
		{F0D1B126-1878-4229-8158-3B0648A8A8FE}.Debug|Any CPU.Build.0 = Debug|Any CPU
		{F0D1B126-1878-4229-8158-3B0648A8A8FE}.Release|Any CPU.ActiveCfg = Release|Any CPU
		{F0D1B126-1878-4229-8158-3B0648A8A8FE}.Release|Any CPU.Build.0 = Release|Any CPU
		{3A736FA0-E139-49C4-B393-55E3E48BABB2}.Debug|Any CPU.ActiveCfg = Debug|Any CPU
		{3A736FA0-E139-49C4-B393-55E3E48BABB2}.Debug|Any CPU.Build.0 = Debug|Any CPU
		{3A736FA0-E139-49C4-B393-55E3E48BABB2}.Release|Any CPU.ActiveCfg = Release|Any CPU
		{3A736FA0-E139-49C4-B393-55E3E48BABB2}.Release|Any CPU.Build.0 = Release|Any CPU
		{98962C2D-9BB5-44E7-B5C1-D126B19321A2}.Debug|Any CPU.ActiveCfg = Debug|Any CPU
		{98962C2D-9BB5-44E7-B5C1-D126B19321A2}.Debug|Any CPU.Build.0 = Debug|Any CPU
		{98962C2D-9BB5-44E7-B5C1-D126B19321A2}.Release|Any CPU.ActiveCfg = Release|Any CPU
		{98962C2D-9BB5-44E7-B5C1-D126B19321A2}.Release|Any CPU.Build.0 = Release|Any CPU
		{97BDFE63-B0AB-4038-B372-EC8FF1011129}.Debug|Any CPU.ActiveCfg = Debug|Any CPU
		{97BDFE63-B0AB-4038-B372-EC8FF1011129}.Debug|Any CPU.Build.0 = Debug|Any CPU
		{97BDFE63-B0AB-4038-B372-EC8FF1011129}.Release|Any CPU.ActiveCfg = Release|Any CPU
		{97BDFE63-B0AB-4038-B372-EC8FF1011129}.Release|Any CPU.Build.0 = Release|Any CPU
		{2AFF370D-6500-4C28-9C77-711C648C5994}.Debug|Any CPU.ActiveCfg = Debug|Any CPU
		{2AFF370D-6500-4C28-9C77-711C648C5994}.Debug|Any CPU.Build.0 = Debug|Any CPU
		{2AFF370D-6500-4C28-9C77-711C648C5994}.Release|Any CPU.ActiveCfg = Release|Any CPU
		{2AFF370D-6500-4C28-9C77-711C648C5994}.Release|Any CPU.Build.0 = Release|Any CPU
		{CE806F24-0599-4857-9383-76DA72139E11}.Debug|Any CPU.ActiveCfg = Debug|Any CPU
		{CE806F24-0599-4857-9383-76DA72139E11}.Debug|Any CPU.Build.0 = Debug|Any CPU
		{CE806F24-0599-4857-9383-76DA72139E11}.Release|Any CPU.ActiveCfg = Release|Any CPU
		{CE806F24-0599-4857-9383-76DA72139E11}.Release|Any CPU.Build.0 = Release|Any CPU
		{EDEDF222-7E2E-4AFA-B43E-696F64D2BD4F}.Debug|Any CPU.ActiveCfg = Debug|Any CPU
		{EDEDF222-7E2E-4AFA-B43E-696F64D2BD4F}.Debug|Any CPU.Build.0 = Debug|Any CPU
		{EDEDF222-7E2E-4AFA-B43E-696F64D2BD4F}.Release|Any CPU.ActiveCfg = Release|Any CPU
		{EDEDF222-7E2E-4AFA-B43E-696F64D2BD4F}.Release|Any CPU.Build.0 = Release|Any CPU
		{765CECBA-8C37-470B-BBAB-F5216DEA89A5}.Debug|Any CPU.ActiveCfg = Debug|Any CPU
		{765CECBA-8C37-470B-BBAB-F5216DEA89A5}.Debug|Any CPU.Build.0 = Debug|Any CPU
		{765CECBA-8C37-470B-BBAB-F5216DEA89A5}.Release|Any CPU.ActiveCfg = Release|Any CPU
		{765CECBA-8C37-470B-BBAB-F5216DEA89A5}.Release|Any CPU.Build.0 = Release|Any CPU
		{84167905-4AD3-49A3-9D6C-1044E2A7341C}.Debug|Any CPU.ActiveCfg = Debug|Any CPU
		{84167905-4AD3-49A3-9D6C-1044E2A7341C}.Debug|Any CPU.Build.0 = Debug|Any CPU
		{84167905-4AD3-49A3-9D6C-1044E2A7341C}.Release|Any CPU.ActiveCfg = Release|Any CPU
		{84167905-4AD3-49A3-9D6C-1044E2A7341C}.Release|Any CPU.Build.0 = Release|Any CPU
		{4B3E17C6-8D1B-49E6-A1A4-31FBD3CD269B}.Debug|Any CPU.ActiveCfg = Debug|Any CPU
		{4B3E17C6-8D1B-49E6-A1A4-31FBD3CD269B}.Debug|Any CPU.Build.0 = Debug|Any CPU
		{4B3E17C6-8D1B-49E6-A1A4-31FBD3CD269B}.Release|Any CPU.ActiveCfg = Release|Any CPU
		{4B3E17C6-8D1B-49E6-A1A4-31FBD3CD269B}.Release|Any CPU.Build.0 = Release|Any CPU
		{6E76E1F4-0F6D-474A-9C30-0DB7598B3712}.Debug|Any CPU.ActiveCfg = Debug|Any CPU
		{6E76E1F4-0F6D-474A-9C30-0DB7598B3712}.Debug|Any CPU.Build.0 = Debug|Any CPU
		{6E76E1F4-0F6D-474A-9C30-0DB7598B3712}.Release|Any CPU.ActiveCfg = Release|Any CPU
		{6E76E1F4-0F6D-474A-9C30-0DB7598B3712}.Release|Any CPU.Build.0 = Release|Any CPU
		{2BFACDC3-F44D-4199-8498-F5C3C4AC0335}.Debug|Any CPU.ActiveCfg = Debug|Any CPU
		{2BFACDC3-F44D-4199-8498-F5C3C4AC0335}.Debug|Any CPU.Build.0 = Debug|Any CPU
		{2BFACDC3-F44D-4199-8498-F5C3C4AC0335}.Release|Any CPU.ActiveCfg = Release|Any CPU
		{2BFACDC3-F44D-4199-8498-F5C3C4AC0335}.Release|Any CPU.Build.0 = Release|Any CPU
		{E461C0A8-8900-485C-B520-E929BA33F712}.Debug|Any CPU.ActiveCfg = Debug|Any CPU
		{E461C0A8-8900-485C-B520-E929BA33F712}.Debug|Any CPU.Build.0 = Debug|Any CPU
		{E461C0A8-8900-485C-B520-E929BA33F712}.Release|Any CPU.ActiveCfg = Release|Any CPU
		{E461C0A8-8900-485C-B520-E929BA33F712}.Release|Any CPU.Build.0 = Release|Any CPU
		{BDBFE761-9CC8-4B07-8BBF-D741CC79FEAE}.Debug|Any CPU.ActiveCfg = Debug|Any CPU
		{BDBFE761-9CC8-4B07-8BBF-D741CC79FEAE}.Debug|Any CPU.Build.0 = Debug|Any CPU
		{BDBFE761-9CC8-4B07-8BBF-D741CC79FEAE}.Release|Any CPU.ActiveCfg = Release|Any CPU
		{BDBFE761-9CC8-4B07-8BBF-D741CC79FEAE}.Release|Any CPU.Build.0 = Release|Any CPU
		{26BB6148-92E9-42C9-83E7-AC30C65EE6FC}.Debug|Any CPU.ActiveCfg = Debug|Any CPU
		{26BB6148-92E9-42C9-83E7-AC30C65EE6FC}.Debug|Any CPU.Build.0 = Debug|Any CPU
		{26BB6148-92E9-42C9-83E7-AC30C65EE6FC}.Release|Any CPU.ActiveCfg = Release|Any CPU
		{26BB6148-92E9-42C9-83E7-AC30C65EE6FC}.Release|Any CPU.Build.0 = Release|Any CPU
		{DD836AA8-568C-4BB5-A34A-5CD31600BCEF}.Debug|Any CPU.ActiveCfg = Debug|Any CPU
		{DD836AA8-568C-4BB5-A34A-5CD31600BCEF}.Debug|Any CPU.Build.0 = Debug|Any CPU
		{DD836AA8-568C-4BB5-A34A-5CD31600BCEF}.Release|Any CPU.ActiveCfg = Release|Any CPU
		{DD836AA8-568C-4BB5-A34A-5CD31600BCEF}.Release|Any CPU.Build.0 = Release|Any CPU
		{38AA0D6F-6B93-49C1-AAC6-EEA0E0047B5A}.Debug|Any CPU.ActiveCfg = Debug|Any CPU
		{38AA0D6F-6B93-49C1-AAC6-EEA0E0047B5A}.Debug|Any CPU.Build.0 = Debug|Any CPU
		{38AA0D6F-6B93-49C1-AAC6-EEA0E0047B5A}.Release|Any CPU.ActiveCfg = Release|Any CPU
		{38AA0D6F-6B93-49C1-AAC6-EEA0E0047B5A}.Release|Any CPU.Build.0 = Release|Any CPU
		{33FEDB42-6566-4C84-BBC2-FA64021990D5}.Debug|Any CPU.ActiveCfg = Debug|Any CPU
		{33FEDB42-6566-4C84-BBC2-FA64021990D5}.Debug|Any CPU.Build.0 = Debug|Any CPU
		{33FEDB42-6566-4C84-BBC2-FA64021990D5}.Release|Any CPU.ActiveCfg = Release|Any CPU
		{33FEDB42-6566-4C84-BBC2-FA64021990D5}.Release|Any CPU.Build.0 = Release|Any CPU
		{A370D2B2-B65F-46ED-A335-4D565B55010F}.Debug|Any CPU.ActiveCfg = Debug|Any CPU
		{A370D2B2-B65F-46ED-A335-4D565B55010F}.Debug|Any CPU.Build.0 = Debug|Any CPU
		{A370D2B2-B65F-46ED-A335-4D565B55010F}.Release|Any CPU.ActiveCfg = Release|Any CPU
		{A370D2B2-B65F-46ED-A335-4D565B55010F}.Release|Any CPU.Build.0 = Release|Any CPU
		{0E36AE2A-C70D-404C-AB23-9E022632CA8F}.Debug|Any CPU.ActiveCfg = Debug|Any CPU
		{0E36AE2A-C70D-404C-AB23-9E022632CA8F}.Debug|Any CPU.Build.0 = Debug|Any CPU
		{0E36AE2A-C70D-404C-AB23-9E022632CA8F}.Release|Any CPU.ActiveCfg = Release|Any CPU
		{0E36AE2A-C70D-404C-AB23-9E022632CA8F}.Release|Any CPU.Build.0 = Release|Any CPU
		{5DD4D1CD-FECA-4C5F-8097-E74A5F7B4FA1}.Debug|Any CPU.ActiveCfg = Debug|Any CPU
		{5DD4D1CD-FECA-4C5F-8097-E74A5F7B4FA1}.Debug|Any CPU.Build.0 = Debug|Any CPU
		{5DD4D1CD-FECA-4C5F-8097-E74A5F7B4FA1}.Release|Any CPU.ActiveCfg = Release|Any CPU
		{5DD4D1CD-FECA-4C5F-8097-E74A5F7B4FA1}.Release|Any CPU.Build.0 = Release|Any CPU
		{889DB3BC-ECDE-4DBD-A615-D19684922B17}.Debug|Any CPU.ActiveCfg = Debug|Any CPU
		{889DB3BC-ECDE-4DBD-A615-D19684922B17}.Debug|Any CPU.Build.0 = Debug|Any CPU
		{889DB3BC-ECDE-4DBD-A615-D19684922B17}.Release|Any CPU.ActiveCfg = Release|Any CPU
		{889DB3BC-ECDE-4DBD-A615-D19684922B17}.Release|Any CPU.Build.0 = Release|Any CPU
		{9486FDE1-B41F-46E4-B64B-9A6F04D5BA96}.Debug|Any CPU.ActiveCfg = Debug|Any CPU
		{9486FDE1-B41F-46E4-B64B-9A6F04D5BA96}.Debug|Any CPU.Build.0 = Debug|Any CPU
		{9486FDE1-B41F-46E4-B64B-9A6F04D5BA96}.Release|Any CPU.ActiveCfg = Release|Any CPU
		{9486FDE1-B41F-46E4-B64B-9A6F04D5BA96}.Release|Any CPU.Build.0 = Release|Any CPU
		{C5A48433-37C0-4490-8405-329C1F0F511E}.Debug|Any CPU.ActiveCfg = Debug|Any CPU
		{C5A48433-37C0-4490-8405-329C1F0F511E}.Debug|Any CPU.Build.0 = Debug|Any CPU
		{C5A48433-37C0-4490-8405-329C1F0F511E}.Release|Any CPU.ActiveCfg = Release|Any CPU
		{C5A48433-37C0-4490-8405-329C1F0F511E}.Release|Any CPU.Build.0 = Release|Any CPU
		{D481E2A2-1F2D-43F6-819C-941FF32C1D52}.Debug|Any CPU.ActiveCfg = Debug|Any CPU
		{D481E2A2-1F2D-43F6-819C-941FF32C1D52}.Debug|Any CPU.Build.0 = Debug|Any CPU
		{D481E2A2-1F2D-43F6-819C-941FF32C1D52}.Release|Any CPU.ActiveCfg = Release|Any CPU
		{D481E2A2-1F2D-43F6-819C-941FF32C1D52}.Release|Any CPU.Build.0 = Release|Any CPU
		{5BB83EB9-3E63-4E6B-9374-EB67D29D1ED8}.Debug|Any CPU.ActiveCfg = Debug|Any CPU
		{5BB83EB9-3E63-4E6B-9374-EB67D29D1ED8}.Debug|Any CPU.Build.0 = Debug|Any CPU
		{5BB83EB9-3E63-4E6B-9374-EB67D29D1ED8}.Release|Any CPU.ActiveCfg = Release|Any CPU
		{5BB83EB9-3E63-4E6B-9374-EB67D29D1ED8}.Release|Any CPU.Build.0 = Release|Any CPU
		{C7D9E62A-1F8B-49B9-BF66-DDB0AF92807C}.Debug|Any CPU.ActiveCfg = Debug|Any CPU
		{C7D9E62A-1F8B-49B9-BF66-DDB0AF92807C}.Debug|Any CPU.Build.0 = Debug|Any CPU
		{C7D9E62A-1F8B-49B9-BF66-DDB0AF92807C}.Release|Any CPU.ActiveCfg = Release|Any CPU
		{C7D9E62A-1F8B-49B9-BF66-DDB0AF92807C}.Release|Any CPU.Build.0 = Release|Any CPU
	EndGlobalSection
	GlobalSection(SolutionProperties) = preSolution
		HideSolutionNode = FALSE
	EndGlobalSection
	GlobalSection(NestedProjects) = preSolution
		{90139FDE-ECA8-4143-8131-D899FA9216C4} = {60ED3AC5-C01D-413E-9BF7-3D9C06108496}
		{C54AAFA3-9424-4964-9D35-A853E8280B9B} = {60ED3AC5-C01D-413E-9BF7-3D9C06108496}
		{CD291E39-FE74-4E1A-A076-AC3C0073B43F} = {60ED3AC5-C01D-413E-9BF7-3D9C06108496}
		{F5E107EB-C6A6-4FC6-9140-7F37121856B1} = {60ED3AC5-C01D-413E-9BF7-3D9C06108496}
		{63454313-860D-4DAF-AE62-BDD5F5501851} = {60ED3AC5-C01D-413E-9BF7-3D9C06108496}
		{5FA82008-EAF6-40D9-8A44-F7BD650EF1F2} = {2D942760-340C-4A51-91FA-828C5C8ABAB1}
		{9E86C1DA-94F6-480C-9FCD-D21EB87097BF} = {2D942760-340C-4A51-91FA-828C5C8ABAB1}
		{0BD79B17-665E-429B-BEA2-966A5323E1E5} = {2D942760-340C-4A51-91FA-828C5C8ABAB1}
		{2A641174-EF24-40CA-B43A-DB029C4F4B6D} = {2D942760-340C-4A51-91FA-828C5C8ABAB1}
		{04A0B6E5-C412-445C-8662-3978D25CD1F6} = {011998FF-3231-4561-8E37-6EDE23148783}
		{F0D1B126-1878-4229-8158-3B0648A8A8FE} = {011998FF-3231-4561-8E37-6EDE23148783}
		{3A736FA0-E139-49C4-B393-55E3E48BABB2} = {5C194858-802B-403B-B63D-A9CF873AC370}
		{98962C2D-9BB5-44E7-B5C1-D126B19321A2} = {5C194858-802B-403B-B63D-A9CF873AC370}
		{97BDFE63-B0AB-4038-B372-EC8FF1011129} = {5C194858-802B-403B-B63D-A9CF873AC370}
		{2AFF370D-6500-4C28-9C77-711C648C5994} = {5C194858-802B-403B-B63D-A9CF873AC370}
		{CE806F24-0599-4857-9383-76DA72139E11} = {83F8A1C5-834B-4D07-A853-746FB4EEA76E}
		{EDEDF222-7E2E-4AFA-B43E-696F64D2BD4F} = {83F8A1C5-834B-4D07-A853-746FB4EEA76E}
		{765CECBA-8C37-470B-BBAB-F5216DEA89A5} = {39E65292-13C5-4ED7-942E-D3F7A1750643}
		{84167905-4AD3-49A3-9D6C-1044E2A7341C} = {39E65292-13C5-4ED7-942E-D3F7A1750643}
		{4B3E17C6-8D1B-49E6-A1A4-31FBD3CD269B} = {39E65292-13C5-4ED7-942E-D3F7A1750643}
		{6E76E1F4-0F6D-474A-9C30-0DB7598B3712} = {39E65292-13C5-4ED7-942E-D3F7A1750643}
		{2BFACDC3-F44D-4199-8498-F5C3C4AC0335} = {C4E490E4-D443-408A-AE90-BA8D09806B86}
		{E461C0A8-8900-485C-B520-E929BA33F712} = {C4E490E4-D443-408A-AE90-BA8D09806B86}
		{BDBFE761-9CC8-4B07-8BBF-D741CC79FEAE} = {AB357D7D-F4F0-4C57-81C4-B6DFD9127AFA}
		{26BB6148-92E9-42C9-83E7-AC30C65EE6FC} = {AB357D7D-F4F0-4C57-81C4-B6DFD9127AFA}
		{DD836AA8-568C-4BB5-A34A-5CD31600BCEF} = {AB357D7D-F4F0-4C57-81C4-B6DFD9127AFA}
		{38AA0D6F-6B93-49C1-AAC6-EEA0E0047B5A} = {67D2DE4A-7C7D-4ABC-AEDE-53AD8FBAE5B1}
		{33FEDB42-6566-4C84-BBC2-FA64021990D5} = {67D2DE4A-7C7D-4ABC-AEDE-53AD8FBAE5B1}
		{A370D2B2-B65F-46ED-A335-4D565B55010F} = {67D2DE4A-7C7D-4ABC-AEDE-53AD8FBAE5B1}
		{0E36AE2A-C70D-404C-AB23-9E022632CA8F} = {67D2DE4A-7C7D-4ABC-AEDE-53AD8FBAE5B1}
		{5DD4D1CD-FECA-4C5F-8097-E74A5F7B4FA1} = {60623F67-15AB-425C-BD2E-D693A3107159}
		{889DB3BC-ECDE-4DBD-A615-D19684922B17} = {4C81C567-5FFE-496B-A3DD-D27EC998F6FA}
		{9486FDE1-B41F-46E4-B64B-9A6F04D5BA96} = {D11B3F21-C81A-4088-95D6-9D7D1D17252B}
		{A8503697-8427-41D4-8CFF-00776E7B72E8} = {D11B3F21-C81A-4088-95D6-9D7D1D17252B}
		{C5A48433-37C0-4490-8405-329C1F0F511E} = {A8503697-8427-41D4-8CFF-00776E7B72E8}
		{D481E2A2-1F2D-43F6-819C-941FF32C1D52} = {A8503697-8427-41D4-8CFF-00776E7B72E8}
		{5BB83EB9-3E63-4E6B-9374-EB67D29D1ED8} = {D11B3F21-C81A-4088-95D6-9D7D1D17252B}
		{480511D6-BB47-47FB-82E4-A26219600BB9} = {D11B3F21-C81A-4088-95D6-9D7D1D17252B}
		{C7D9E62A-1F8B-49B9-BF66-DDB0AF92807C} = {480511D6-BB47-47FB-82E4-A26219600BB9}
	EndGlobalSection
	GlobalSection(ExtensibilityGlobals) = postSolution
		SolutionGuid = {E51F85CF-9E6E-45DF-8B2B-DA9FD6BD3AE8}
	EndGlobalSection
EndGlobal
